
Microsoft Visual Studio Solution File, Format Version 12.00
# Visual Studio Version 17
VisualStudioVersion = 17.0.31903.59
MinimumVisualStudioVersion = 10.0.40219.1
Project("{FAE04EC0-301F-11D3-BF4B-00C04F79EFBC}") = "FinSight.Simulacoes.API", "FinSight.Simulacoes.API\FinSight.Simulacoes.API.csproj", "{19A7BEF1-D08E-4F8C-96DF-FFD28584346C}"
EndProject
Global
	GlobalSection(SolutionConfigurationPlatforms) = preSolution
		Debug|Any CPU = Debug|Any CPU
		Release|Any CPU = Release|Any CPU
	EndGlobalSection
	GlobalSection(SolutionProperties) = preSolution
		HideSolutionNode = FALSE
	EndGlobalSection
	GlobalSection(ProjectConfigurationPlatforms) = postSolution
		{BCAA9F16-0493-4437-AE0F-EF16FA57F209}.Debug|Any CPU.ActiveCfg = Debug|Any CPU
		{BCAA9F16-0493-4437-AE0F-EF16FA57F209}.Debug|Any CPU.Build.0 = Debug|Any CPU
		{BCAA9F16-0493-4437-AE0F-EF16FA57F209}.Release|Any CPU.ActiveCfg = Release|Any CPU
		{BCAA9F16-0493-4437-AE0F-EF16FA57F209}.Release|Any CPU.Build.0 = Release|Any CPU
		{14E4FF6E-8630-4D95-8913-724251933670}.Debug|Any CPU.ActiveCfg = Debug|Any CPU
		{14E4FF6E-8630-4D95-8913-724251933670}.Debug|Any CPU.Build.0 = Debug|Any CPU
		{14E4FF6E-8630-4D95-8913-724251933670}.Release|Any CPU.ActiveCfg = Release|Any CPU
		{14E4FF6E-8630-4D95-8913-724251933670}.Release|Any CPU.Build.0 = Release|Any CPU
		{19A7BEF1-D08E-4F8C-96DF-FFD28584346C}.Debug|Any CPU.ActiveCfg = Debug|Any CPU
		{19A7BEF1-D08E-4F8C-96DF-FFD28584346C}.Debug|Any CPU.Build.0 = Debug|Any CPU
		{19A7BEF1-D08E-4F8C-96DF-FFD28584346C}.Release|Any CPU.ActiveCfg = Release|Any CPU
		{19A7BEF1-D08E-4F8C-96DF-FFD28584346C}.Release|Any CPU.Build.0 = Release|Any CPU
		{6548E49D-2F3E-472C-8D29-8657BC847049}.Debug|Any CPU.ActiveCfg = Debug|Any CPU
		{6548E49D-2F3E-472C-8D29-8657BC847049}.Debug|Any CPU.Build.0 = Debug|Any CPU
		{6548E49D-2F3E-472C-8D29-8657BC847049}.Release|Any CPU.ActiveCfg = Release|Any CPU
		{6548E49D-2F3E-472C-8D29-8657BC847049}.Release|Any CPU.Build.0 = Release|Any CPU
	EndGlobalSection
EndGlobal
